// !$*UTF8*$!
{
	archiveVersion = 1;
	classes = {
	};
	objectVersion = 48;
	objects = {

/* Begin PBXBuildFile section */
		04706FF4205E0FAB00F25CD8 /* TDChatScoketDemoTests.m in Sources */ = {isa = PBXBuildFile; fileRef = 04706FF3205E0FAB00F25CD8 /* TDChatScoketDemoTests.m */; };
		04706FFF205E0FAB00F25CD8 /* TDChatScoketDemoUITests.m in Sources */ = {isa = PBXBuildFile; fileRef = 04706FFE205E0FAB00F25CD8 /* TDChatScoketDemoUITests.m */; };
		04707019205E117200F25CD8 /* AppDelegate.m in Sources */ = {isa = PBXBuildFile; fileRef = 04707011205E117200F25CD8 /* AppDelegate.m */; };
		0470701A205E117200F25CD8 /* Assets.xcassets in Resources */ = {isa = PBXBuildFile; fileRef = 04707012205E117200F25CD8 /* Assets.xcassets */; };
		0470701B205E117200F25CD8 /* LaunchScreen.storyboard in Resources */ = {isa = PBXBuildFile; fileRef = 04707013205E117200F25CD8 /* LaunchScreen.storyboard */; };
		0470701C205E117200F25CD8 /* Main.storyboard in Resources */ = {isa = PBXBuildFile; fileRef = 04707015205E117200F25CD8 /* Main.storyboard */; };
		0470701D205E117200F25CD8 /* Info.plist in Resources */ = {isa = PBXBuildFile; fileRef = 04707017205E117200F25CD8 /* Info.plist */; };
		0470701E205E117200F25CD8 /* main.m in Sources */ = {isa = PBXBuildFile; fileRef = 04707018205E117200F25CD8 /* main.m */; };
		0470702D205E139800F25CD8 /* MainChatListViewController.m in Sources */ = {isa = PBXBuildFile; fileRef = 0470702C205E139800F25CD8 /* MainChatListViewController.m */; };
		04707030205E142E00F25CD8 /* ChatDetailViewController.m in Sources */ = {isa = PBXBuildFile; fileRef = 0470702F205E142E00F25CD8 /* ChatDetailViewController.m */; };
		04707033205E16FD00F25CD8 /* MainChatListTableViewCell.m in Sources */ = {isa = PBXBuildFile; fileRef = 04707032205E16FD00F25CD8 /* MainChatListTableViewCell.m */; };
		ABF5C680205EA5E7003B5050 /* ChatTextTableViewCell.m in Sources */ = {isa = PBXBuildFile; fileRef = ABF5C67F205EA5E7003B5050 /* ChatTextTableViewCell.m */; };
		ABF5C683205EA73C003B5050 /* ChatImageTableViewCell.m in Sources */ = {isa = PBXBuildFile; fileRef = ABF5C682205EA73C003B5050 /* ChatImageTableViewCell.m */; };
		ABF5C686205EAF42003B5050 /* ChatDetailModel.m in Sources */ = {isa = PBXBuildFile; fileRef = ABF5C685205EAF42003B5050 /* ChatDetailModel.m */; };
		E144DE7F26D48EB819F6A9AF /* libPods-TDChatScoketDemo.a in Frameworks */ = {isa = PBXBuildFile; fileRef = A771CF26CBCA590B4ED9355E /* libPods-TDChatScoketDemo.a */; };
/* End PBXBuildFile section */

/* Begin PBXContainerItemProxy section */
		04706FF0205E0FAB00F25CD8 /* PBXContainerItemProxy */ = {
			isa = PBXContainerItemProxy;
			containerPortal = 04706FCF205E0FAB00F25CD8 /* Project object */;
			proxyType = 1;
			remoteGlobalIDString = 04706FD6205E0FAB00F25CD8;
			remoteInfo = TDChatScoketDemo;
		};
		04706FFB205E0FAB00F25CD8 /* PBXContainerItemProxy */ = {
			isa = PBXContainerItemProxy;
			containerPortal = 04706FCF205E0FAB00F25CD8 /* Project object */;
			proxyType = 1;
			remoteGlobalIDString = 04706FD6205E0FAB00F25CD8;
			remoteInfo = TDChatScoketDemo;
		};
/* End PBXContainerItemProxy section */

/* Begin PBXFileReference section */
		04706FD7205E0FAB00F25CD8 /* TDChatScoketDemo.app */ = {isa = PBXFileReference; explicitFileType = wrapper.application; includeInIndex = 0; path = TDChatScoketDemo.app; sourceTree = BUILT_PRODUCTS_DIR; };
		04706FEF205E0FAB00F25CD8 /* TDChatScoketDemoTests.xctest */ = {isa = PBXFileReference; explicitFileType = wrapper.cfbundle; includeInIndex = 0; path = TDChatScoketDemoTests.xctest; sourceTree = BUILT_PRODUCTS_DIR; };
		04706FF3205E0FAB00F25CD8 /* TDChatScoketDemoTests.m */ = {isa = PBXFileReference; lastKnownFileType = sourcecode.c.objc; path = TDChatScoketDemoTests.m; sourceTree = "<group>"; };
		04706FF5205E0FAB00F25CD8 /* Info.plist */ = {isa = PBXFileReference; lastKnownFileType = text.plist.xml; path = Info.plist; sourceTree = "<group>"; };
		04706FFA205E0FAB00F25CD8 /* TDChatScoketDemoUITests.xctest */ = {isa = PBXFileReference; explicitFileType = wrapper.cfbundle; includeInIndex = 0; path = TDChatScoketDemoUITests.xctest; sourceTree = BUILT_PRODUCTS_DIR; };
		04706FFE205E0FAB00F25CD8 /* TDChatScoketDemoUITests.m */ = {isa = PBXFileReference; lastKnownFileType = sourcecode.c.objc; path = TDChatScoketDemoUITests.m; sourceTree = "<group>"; };
		04707000205E0FAB00F25CD8 /* Info.plist */ = {isa = PBXFileReference; lastKnownFileType = text.plist.xml; path = Info.plist; sourceTree = "<group>"; };
		04707010205E117200F25CD8 /* AppDelegate.h */ = {isa = PBXFileReference; fileEncoding = 4; lastKnownFileType = sourcecode.c.h; path = AppDelegate.h; sourceTree = "<group>"; };
		04707011205E117200F25CD8 /* AppDelegate.m */ = {isa = PBXFileReference; fileEncoding = 4; lastKnownFileType = sourcecode.c.objc; path = AppDelegate.m; sourceTree = "<group>"; };
		04707012205E117200F25CD8 /* Assets.xcassets */ = {isa = PBXFileReference; lastKnownFileType = folder.assetcatalog; path = Assets.xcassets; sourceTree = "<group>"; };
		04707014205E117200F25CD8 /* Base */ = {isa = PBXFileReference; lastKnownFileType = file.storyboard; name = Base; path = Base.lproj/LaunchScreen.storyboard; sourceTree = "<group>"; };
		04707016205E117200F25CD8 /* Base */ = {isa = PBXFileReference; lastKnownFileType = file.storyboard; name = Base; path = Base.lproj/Main.storyboard; sourceTree = "<group>"; };
		04707017205E117200F25CD8 /* Info.plist */ = {isa = PBXFileReference; fileEncoding = 4; lastKnownFileType = text.plist.xml; path = Info.plist; sourceTree = "<group>"; };
		04707018205E117200F25CD8 /* main.m */ = {isa = PBXFileReference; fileEncoding = 4; lastKnownFileType = sourcecode.c.objc; path = main.m; sourceTree = "<group>"; };
		0470702B205E139800F25CD8 /* MainChatListViewController.h */ = {isa = PBXFileReference; lastKnownFileType = sourcecode.c.h; path = MainChatListViewController.h; sourceTree = "<group>"; };
		0470702C205E139800F25CD8 /* MainChatListViewController.m */ = {isa = PBXFileReference; lastKnownFileType = sourcecode.c.objc; path = MainChatListViewController.m; sourceTree = "<group>"; };
		0470702E205E142E00F25CD8 /* ChatDetailViewController.h */ = {isa = PBXFileReference; lastKnownFileType = sourcecode.c.h; path = ChatDetailViewController.h; sourceTree = "<group>"; };
		0470702F205E142E00F25CD8 /* ChatDetailViewController.m */ = {isa = PBXFileReference; lastKnownFileType = sourcecode.c.objc; path = ChatDetailViewController.m; sourceTree = "<group>"; };
		04707031205E16FD00F25CD8 /* MainChatListTableViewCell.h */ = {isa = PBXFileReference; lastKnownFileType = sourcecode.c.h; path = MainChatListTableViewCell.h; sourceTree = "<group>"; };
		04707032205E16FD00F25CD8 /* MainChatListTableViewCell.m */ = {isa = PBXFileReference; lastKnownFileType = sourcecode.c.objc; path = MainChatListTableViewCell.m; sourceTree = "<group>"; };
		04EE4672205E4B380021D6C5 /* PrefixHeader.pch */ = {isa = PBXFileReference; lastKnownFileType = sourcecode.c.h; path = PrefixHeader.pch; sourceTree = "<group>"; };
		58863FE0D7F9D7FE066FC206 /* Pods-TDChatScoketDemo.release.xcconfig */ = {isa = PBXFileReference; includeInIndex = 1; lastKnownFileType = text.xcconfig; name = "Pods-TDChatScoketDemo.release.xcconfig"; path = "Pods/Target Support Files/Pods-TDChatScoketDemo/Pods-TDChatScoketDemo.release.xcconfig"; sourceTree = "<group>"; };
		5D63AB6C83F1715BC4945F2D /* Pods-TDChatScoketDemo.debug.xcconfig */ = {isa = PBXFileReference; includeInIndex = 1; lastKnownFileType = text.xcconfig; name = "Pods-TDChatScoketDemo.debug.xcconfig"; path = "Pods/Target Support Files/Pods-TDChatScoketDemo/Pods-TDChatScoketDemo.debug.xcconfig"; sourceTree = "<group>"; };
		A771CF26CBCA590B4ED9355E /* libPods-TDChatScoketDemo.a */ = {isa = PBXFileReference; explicitFileType = archive.ar; includeInIndex = 0; path = "libPods-TDChatScoketDemo.a"; sourceTree = BUILT_PRODUCTS_DIR; };
		ABF5C67E205EA5E7003B5050 /* ChatTextTableViewCell.h */ = {isa = PBXFileReference; lastKnownFileType = sourcecode.c.h; path = ChatTextTableViewCell.h; sourceTree = "<group>"; };
		ABF5C67F205EA5E7003B5050 /* ChatTextTableViewCell.m */ = {isa = PBXFileReference; lastKnownFileType = sourcecode.c.objc; path = ChatTextTableViewCell.m; sourceTree = "<group>"; };
		ABF5C681205EA73C003B5050 /* ChatImageTableViewCell.h */ = {isa = PBXFileReference; lastKnownFileType = sourcecode.c.h; path = ChatImageTableViewCell.h; sourceTree = "<group>"; };
		ABF5C682205EA73C003B5050 /* ChatImageTableViewCell.m */ = {isa = PBXFileReference; lastKnownFileType = sourcecode.c.objc; path = ChatImageTableViewCell.m; sourceTree = "<group>"; };
		ABF5C684205EAF42003B5050 /* ChatDetailModel.h */ = {isa = PBXFileReference; lastKnownFileType = sourcecode.c.h; name = ChatDetailModel.h; path = TDChatScoketDemo/ChatDetail/Views/ChatDetailModel.h; sourceTree = SOURCE_ROOT; };
		ABF5C685205EAF42003B5050 /* ChatDetailModel.m */ = {isa = PBXFileReference; lastKnownFileType = sourcecode.c.objc; name = ChatDetailModel.m; path = TDChatScoketDemo/ChatDetail/Views/ChatDetailModel.m; sourceTree = SOURCE_ROOT; };
/* End PBXFileReference section */

/* Begin PBXFrameworksBuildPhase section */
		04706FD4205E0FAB00F25CD8 /* Frameworks */ = {
			isa = PBXFrameworksBuildPhase;
			buildActionMask = 2147483647;
			files = (
				E144DE7F26D48EB819F6A9AF /* libPods-TDChatScoketDemo.a in Frameworks */,
			);
			runOnlyForDeploymentPostprocessing = 0;
		};
		04706FEC205E0FAB00F25CD8 /* Frameworks */ = {
			isa = PBXFrameworksBuildPhase;
			buildActionMask = 2147483647;
			files = (
			);
			runOnlyForDeploymentPostprocessing = 0;
		};
		04706FF7205E0FAB00F25CD8 /* Frameworks */ = {
			isa = PBXFrameworksBuildPhase;
			buildActionMask = 2147483647;
			files = (
			);
			runOnlyForDeploymentPostprocessing = 0;
		};
/* End PBXFrameworksBuildPhase section */

/* Begin PBXGroup section */
		04706FCE205E0FAB00F25CD8 = {
			isa = PBXGroup;
			children = (
				04706FD9205E0FAB00F25CD8 /* TDChatScoketDemo */,
				04706FF2205E0FAB00F25CD8 /* TDChatScoketDemoTests */,
				04706FFD205E0FAB00F25CD8 /* TDChatScoketDemoUITests */,
				04706FD8205E0FAB00F25CD8 /* Products */,
				729E41EC7201EDA9EB180B74 /* Pods */,
				8EA3791A644E45162C10E330 /* Frameworks */,
			);
			sourceTree = "<group>";
		};
		04706FD8205E0FAB00F25CD8 /* Products */ = {
			isa = PBXGroup;
			children = (
				04706FD7205E0FAB00F25CD8 /* TDChatScoketDemo.app */,
				04706FEF205E0FAB00F25CD8 /* TDChatScoketDemoTests.xctest */,
				04706FFA205E0FAB00F25CD8 /* TDChatScoketDemoUITests.xctest */,
			);
			name = Products;
			sourceTree = "<group>";
		};
		04706FD9205E0FAB00F25CD8 /* TDChatScoketDemo */ = {
			isa = PBXGroup;
			children = (
				04707027205E138200F25CD8 /* MainChatList */,
				0470701F205E134700F25CD8 /* ChatDetail */,
				0470700F205E117200F25CD8 /* Others */,
			);
			path = TDChatScoketDemo;
			sourceTree = "<group>";
		};
		04706FF2205E0FAB00F25CD8 /* TDChatScoketDemoTests */ = {
			isa = PBXGroup;
			children = (
				04706FF3205E0FAB00F25CD8 /* TDChatScoketDemoTests.m */,
				04706FF5205E0FAB00F25CD8 /* Info.plist */,
			);
			path = TDChatScoketDemoTests;
			sourceTree = "<group>";
		};
		04706FFD205E0FAB00F25CD8 /* TDChatScoketDemoUITests */ = {
			isa = PBXGroup;
			children = (
				04706FFE205E0FAB00F25CD8 /* TDChatScoketDemoUITests.m */,
				04707000205E0FAB00F25CD8 /* Info.plist */,
			);
			path = TDChatScoketDemoUITests;
			sourceTree = "<group>";
		};
		0470700F205E117200F25CD8 /* Others */ = {
			isa = PBXGroup;
			children = (
				04EE4672205E4B380021D6C5 /* PrefixHeader.pch */,
				04707010205E117200F25CD8 /* AppDelegate.h */,
				04707011205E117200F25CD8 /* AppDelegate.m */,
				04707012205E117200F25CD8 /* Assets.xcassets */,
				04707013205E117200F25CD8 /* LaunchScreen.storyboard */,
				04707015205E117200F25CD8 /* Main.storyboard */,
				04707017205E117200F25CD8 /* Info.plist */,
				04707018205E117200F25CD8 /* main.m */,
			);
			path = Others;
			sourceTree = "<group>";
		};
		0470701F205E134700F25CD8 /* ChatDetail */ = {
			isa = PBXGroup;
			children = (
				04707020205E134700F25CD8 /* Controller */,
				04707021205E134700F25CD8 /* Model */,
				04707022205E134700F25CD8 /* Views */,
			);
			path = ChatDetail;
			sourceTree = "<group>";
		};
		04707020205E134700F25CD8 /* Controller */ = {
			isa = PBXGroup;
			children = (
				0470702E205E142E00F25CD8 /* ChatDetailViewController.h */,
				0470702F205E142E00F25CD8 /* ChatDetailViewController.m */,
			);
			path = Controller;
			sourceTree = "<group>";
		};
		04707021205E134700F25CD8 /* Model */ = {
			isa = PBXGroup;
			children = (
				ABF5C684205EAF42003B5050 /* ChatDetailModel.h */,
				ABF5C685205EAF42003B5050 /* ChatDetailModel.m */,
			);
			path = Model;
			sourceTree = "<group>";
		};
		04707022205E134700F25CD8 /* Views */ = {
			isa = PBXGroup;
			children = (
				ABF5C67E205EA5E7003B5050 /* ChatTextTableViewCell.h */,
				ABF5C67F205EA5E7003B5050 /* ChatTextTableViewCell.m */,
				ABF5C681205EA73C003B5050 /* ChatImageTableViewCell.h */,
				ABF5C682205EA73C003B5050 /* ChatImageTableViewCell.m */,
			);
			path = Views;
			sourceTree = "<group>";
		};
		04707027205E138200F25CD8 /* MainChatList */ = {
			isa = PBXGroup;
			children = (
				04707028205E138200F25CD8 /* Controller */,
				04707029205E138200F25CD8 /* Model */,
				0470702A205E138200F25CD8 /* Views */,
			);
			path = MainChatList;
			sourceTree = "<group>";
		};
		04707028205E138200F25CD8 /* Controller */ = {
			isa = PBXGroup;
			children = (
				0470702B205E139800F25CD8 /* MainChatListViewController.h */,
				0470702C205E139800F25CD8 /* MainChatListViewController.m */,
			);
			path = Controller;
			sourceTree = "<group>";
		};
		04707029205E138200F25CD8 /* Model */ = {
			isa = PBXGroup;
			children = (
			);
			path = Model;
			sourceTree = "<group>";
		};
		0470702A205E138200F25CD8 /* Views */ = {
			isa = PBXGroup;
			children = (
				04707031205E16FD00F25CD8 /* MainChatListTableViewCell.h */,
				04707032205E16FD00F25CD8 /* MainChatListTableViewCell.m */,
			);
			path = Views;
			sourceTree = "<group>";
		};
		729E41EC7201EDA9EB180B74 /* Pods */ = {
			isa = PBXGroup;
			children = (
				5D63AB6C83F1715BC4945F2D /* Pods-TDChatScoketDemo.debug.xcconfig */,
				58863FE0D7F9D7FE066FC206 /* Pods-TDChatScoketDemo.release.xcconfig */,
			);
			name = Pods;
			sourceTree = "<group>";
		};
		8EA3791A644E45162C10E330 /* Frameworks */ = {
			isa = PBXGroup;
			children = (
				A771CF26CBCA590B4ED9355E /* libPods-TDChatScoketDemo.a */,
			);
			name = Frameworks;
			sourceTree = "<group>";
		};
/* End PBXGroup section */

/* Begin PBXNativeTarget section */
		04706FD6205E0FAB00F25CD8 /* TDChatScoketDemo */ = {
			isa = PBXNativeTarget;
			buildConfigurationList = 04707003205E0FAB00F25CD8 /* Build configuration list for PBXNativeTarget "TDChatScoketDemo" */;
			buildPhases = (
				6027CC6B6E2522386342EF01 /* [CP] Check Pods Manifest.lock */,
				04706FD3205E0FAB00F25CD8 /* Sources */,
				04706FD4205E0FAB00F25CD8 /* Frameworks */,
				04706FD5205E0FAB00F25CD8 /* Resources */,
				45AF2A2ED18A904BE359533F /* [CP] Embed Pods Frameworks */,
				C984CEC817AE1E2C1C769FEB /* [CP] Copy Pods Resources */,
			);
			buildRules = (
			);
			dependencies = (
			);
			name = TDChatScoketDemo;
			productName = TDChatScoketDemo;
			productReference = 04706FD7205E0FAB00F25CD8 /* TDChatScoketDemo.app */;
			productType = "com.apple.product-type.application";
		};
		04706FEE205E0FAB00F25CD8 /* TDChatScoketDemoTests */ = {
			isa = PBXNativeTarget;
			buildConfigurationList = 04707006205E0FAB00F25CD8 /* Build configuration list for PBXNativeTarget "TDChatScoketDemoTests" */;
			buildPhases = (
				04706FEB205E0FAB00F25CD8 /* Sources */,
				04706FEC205E0FAB00F25CD8 /* Frameworks */,
				04706FED205E0FAB00F25CD8 /* Resources */,
			);
			buildRules = (
			);
			dependencies = (
				04706FF1205E0FAB00F25CD8 /* PBXTargetDependency */,
			);
			name = TDChatScoketDemoTests;
			productName = TDChatScoketDemoTests;
			productReference = 04706FEF205E0FAB00F25CD8 /* TDChatScoketDemoTests.xctest */;
			productType = "com.apple.product-type.bundle.unit-test";
		};
		04706FF9205E0FAB00F25CD8 /* TDChatScoketDemoUITests */ = {
			isa = PBXNativeTarget;
			buildConfigurationList = 04707009205E0FAB00F25CD8 /* Build configuration list for PBXNativeTarget "TDChatScoketDemoUITests" */;
			buildPhases = (
				04706FF6205E0FAB00F25CD8 /* Sources */,
				04706FF7205E0FAB00F25CD8 /* Frameworks */,
				04706FF8205E0FAB00F25CD8 /* Resources */,
			);
			buildRules = (
			);
			dependencies = (
				04706FFC205E0FAB00F25CD8 /* PBXTargetDependency */,
			);
			name = TDChatScoketDemoUITests;
			productName = TDChatScoketDemoUITests;
			productReference = 04706FFA205E0FAB00F25CD8 /* TDChatScoketDemoUITests.xctest */;
			productType = "com.apple.product-type.bundle.ui-testing";
		};
/* End PBXNativeTarget section */

/* Begin PBXProject section */
		04706FCF205E0FAB00F25CD8 /* Project object */ = {
			isa = PBXProject;
			attributes = {
				LastUpgradeCheck = 0920;
				ORGANIZATIONNAME = hui;
				TargetAttributes = {
					04706FD6205E0FAB00F25CD8 = {
						CreatedOnToolsVersion = 9.2;
						ProvisioningStyle = Automatic;
					};
					04706FEE205E0FAB00F25CD8 = {
						CreatedOnToolsVersion = 9.2;
						ProvisioningStyle = Automatic;
						TestTargetID = 04706FD6205E0FAB00F25CD8;
					};
					04706FF9205E0FAB00F25CD8 = {
						CreatedOnToolsVersion = 9.2;
						ProvisioningStyle = Automatic;
						TestTargetID = 04706FD6205E0FAB00F25CD8;
					};
				};
			};
			buildConfigurationList = 04706FD2205E0FAB00F25CD8 /* Build configuration list for PBXProject "TDChatScoketDemo" */;
			compatibilityVersion = "Xcode 8.0";
			developmentRegion = en;
			hasScannedForEncodings = 0;
			knownRegions = (
				en,
				Base,
			);
			mainGroup = 04706FCE205E0FAB00F25CD8;
			productRefGroup = 04706FD8205E0FAB00F25CD8 /* Products */;
			projectDirPath = "";
			projectRoot = "";
			targets = (
				04706FD6205E0FAB00F25CD8 /* TDChatScoketDemo */,
				04706FEE205E0FAB00F25CD8 /* TDChatScoketDemoTests */,
				04706FF9205E0FAB00F25CD8 /* TDChatScoketDemoUITests */,
			);
		};
/* End PBXProject section */

/* Begin PBXResourcesBuildPhase section */
		04706FD5205E0FAB00F25CD8 /* Resources */ = {
			isa = PBXResourcesBuildPhase;
			buildActionMask = 2147483647;
			files = (
				0470701A205E117200F25CD8 /* Assets.xcassets in Resources */,
				0470701C205E117200F25CD8 /* Main.storyboard in Resources */,
				0470701B205E117200F25CD8 /* LaunchScreen.storyboard in Resources */,
				0470701D205E117200F25CD8 /* Info.plist in Resources */,
			);
			runOnlyForDeploymentPostprocessing = 0;
		};
		04706FED205E0FAB00F25CD8 /* Resources */ = {
			isa = PBXResourcesBuildPhase;
			buildActionMask = 2147483647;
			files = (
			);
			runOnlyForDeploymentPostprocessing = 0;
		};
		04706FF8205E0FAB00F25CD8 /* Resources */ = {
			isa = PBXResourcesBuildPhase;
			buildActionMask = 2147483647;
			files = (
			);
			runOnlyForDeploymentPostprocessing = 0;
		};
/* End PBXResourcesBuildPhase section */

/* Begin PBXShellScriptBuildPhase section */
		45AF2A2ED18A904BE359533F /* [CP] Embed Pods Frameworks */ = {
			isa = PBXShellScriptBuildPhase;
			buildActionMask = 2147483647;
			files = (
			);
			inputPaths = (
			);
			name = "[CP] Embed Pods Frameworks";
			outputPaths = (
			);
			runOnlyForDeploymentPostprocessing = 0;
			shellPath = /bin/sh;
			shellScript = "\"${SRCROOT}/Pods/Target Support Files/Pods-TDChatScoketDemo/Pods-TDChatScoketDemo-frameworks.sh\"\n";
			showEnvVarsInLog = 0;
		};
		6027CC6B6E2522386342EF01 /* [CP] Check Pods Manifest.lock */ = {
			isa = PBXShellScriptBuildPhase;
			buildActionMask = 2147483647;
			files = (
			);
			inputPaths = (
				"${PODS_PODFILE_DIR_PATH}/Podfile.lock",
				"${PODS_ROOT}/Manifest.lock",
			);
			name = "[CP] Check Pods Manifest.lock";
			outputPaths = (
				"$(DERIVED_FILE_DIR)/Pods-TDChatScoketDemo-checkManifestLockResult.txt",
			);
			runOnlyForDeploymentPostprocessing = 0;
			shellPath = /bin/sh;
			shellScript = "diff \"${PODS_PODFILE_DIR_PATH}/Podfile.lock\" \"${PODS_ROOT}/Manifest.lock\" > /dev/null\nif [ $? != 0 ] ; then\n    # print error to STDERR\n    echo \"error: The sandbox is not in sync with the Podfile.lock. Run 'pod install' or update your CocoaPods installation.\" >&2\n    exit 1\nfi\n# This output is used by Xcode 'outputs' to avoid re-running this script phase.\necho \"SUCCESS\" > \"${SCRIPT_OUTPUT_FILE_0}\"\n";
			showEnvVarsInLog = 0;
		};
		C984CEC817AE1E2C1C769FEB /* [CP] Copy Pods Resources */ = {
			isa = PBXShellScriptBuildPhase;
			buildActionMask = 2147483647;
			files = (
			);
			inputPaths = (
			);
			name = "[CP] Copy Pods Resources";
			outputPaths = (
			);
			runOnlyForDeploymentPostprocessing = 0;
			shellPath = /bin/sh;
			shellScript = "\"${SRCROOT}/Pods/Target Support Files/Pods-TDChatScoketDemo/Pods-TDChatScoketDemo-resources.sh\"\n";
			showEnvVarsInLog = 0;
		};
/* End PBXShellScriptBuildPhase section */

/* Begin PBXSourcesBuildPhase section */
		04706FD3205E0FAB00F25CD8 /* Sources */ = {
			isa = PBXSourcesBuildPhase;
			buildActionMask = 2147483647;
			files = (
				ABF5C686205EAF42003B5050 /* ChatDetailModel.m in Sources */,
				04707033205E16FD00F25CD8 /* MainChatListTableViewCell.m in Sources */,
				ABF5C683205EA73C003B5050 /* ChatImageTableViewCell.m in Sources */,
				ABF5C680205EA5E7003B5050 /* ChatTextTableViewCell.m in Sources */,
				0470701E205E117200F25CD8 /* main.m in Sources */,
				04707019205E117200F25CD8 /* AppDelegate.m in Sources */,
				0470702D205E139800F25CD8 /* MainChatListViewController.m in Sources */,
				04707030205E142E00F25CD8 /* ChatDetailViewController.m in Sources */,
			);
			runOnlyForDeploymentPostprocessing = 0;
		};
		04706FEB205E0FAB00F25CD8 /* Sources */ = {
			isa = PBXSourcesBuildPhase;
			buildActionMask = 2147483647;
			files = (
				04706FF4205E0FAB00F25CD8 /* TDChatScoketDemoTests.m in Sources */,
			);
			runOnlyForDeploymentPostprocessing = 0;
		};
		04706FF6205E0FAB00F25CD8 /* Sources */ = {
			isa = PBXSourcesBuildPhase;
			buildActionMask = 2147483647;
			files = (
				04706FFF205E0FAB00F25CD8 /* TDChatScoketDemoUITests.m in Sources */,
			);
			runOnlyForDeploymentPostprocessing = 0;
		};
/* End PBXSourcesBuildPhase section */

/* Begin PBXTargetDependency section */
		04706FF1205E0FAB00F25CD8 /* PBXTargetDependency */ = {
			isa = PBXTargetDependency;
			target = 04706FD6205E0FAB00F25CD8 /* TDChatScoketDemo */;
			targetProxy = 04706FF0205E0FAB00F25CD8 /* PBXContainerItemProxy */;
		};
		04706FFC205E0FAB00F25CD8 /* PBXTargetDependency */ = {
			isa = PBXTargetDependency;
			target = 04706FD6205E0FAB00F25CD8 /* TDChatScoketDemo */;
			targetProxy = 04706FFB205E0FAB00F25CD8 /* PBXContainerItemProxy */;
		};
/* End PBXTargetDependency section */

/* Begin PBXVariantGroup section */
		04707013205E117200F25CD8 /* LaunchScreen.storyboard */ = {
			isa = PBXVariantGroup;
			children = (
				04707014205E117200F25CD8 /* Base */,
			);
			name = LaunchScreen.storyboard;
			sourceTree = "<group>";
		};
		04707015205E117200F25CD8 /* Main.storyboard */ = {
			isa = PBXVariantGroup;
			children = (
				04707016205E117200F25CD8 /* Base */,
			);
			name = Main.storyboard;
			sourceTree = "<group>";
		};
/* End PBXVariantGroup section */

/* Begin XCBuildConfiguration section */
		04707001205E0FAB00F25CD8 /* Debug */ = {
			isa = XCBuildConfiguration;
			buildSettings = {
				ALWAYS_SEARCH_USER_PATHS = NO;
				CLANG_ANALYZER_NONNULL = YES;
				CLANG_ANALYZER_NUMBER_OBJECT_CONVERSION = YES_AGGRESSIVE;
				CLANG_CXX_LANGUAGE_STANDARD = "gnu++14";
				CLANG_CXX_LIBRARY = "libc++";
				CLANG_ENABLE_MODULES = YES;
				CLANG_ENABLE_OBJC_ARC = YES;
				CLANG_WARN_BLOCK_CAPTURE_AUTORELEASING = YES;
				CLANG_WARN_BOOL_CONVERSION = YES;
				CLANG_WARN_COMMA = YES;
				CLANG_WARN_CONSTANT_CONVERSION = YES;
				CLANG_WARN_DIRECT_OBJC_ISA_USAGE = YES_ERROR;
				CLANG_WARN_DOCUMENTATION_COMMENTS = YES;
				CLANG_WARN_EMPTY_BODY = YES;
				CLANG_WARN_ENUM_CONVERSION = YES;
				CLANG_WARN_INFINITE_RECURSION = YES;
				CLANG_WARN_INT_CONVERSION = YES;
				CLANG_WARN_NON_LITERAL_NULL_CONVERSION = YES;
				CLANG_WARN_OBJC_LITERAL_CONVERSION = YES;
				CLANG_WARN_OBJC_ROOT_CLASS = YES_ERROR;
				CLANG_WARN_RANGE_LOOP_ANALYSIS = YES;
				CLANG_WARN_STRICT_PROTOTYPES = YES;
				CLANG_WARN_SUSPICIOUS_MOVE = YES;
				CLANG_WARN_UNGUARDED_AVAILABILITY = YES_AGGRESSIVE;
				CLANG_WARN_UNREACHABLE_CODE = YES;
				CLANG_WARN__DUPLICATE_METHOD_MATCH = YES;
				CODE_SIGN_IDENTITY = "iPhone Developer";
				COPY_PHASE_STRIP = NO;
				DEBUG_INFORMATION_FORMAT = dwarf;
				ENABLE_STRICT_OBJC_MSGSEND = YES;
				ENABLE_TESTABILITY = YES;
				GCC_C_LANGUAGE_STANDARD = gnu11;
				GCC_DYNAMIC_NO_PIC = NO;
				GCC_NO_COMMON_BLOCKS = YES;
				GCC_OPTIMIZATION_LEVEL = 0;
				GCC_PRECOMPILE_PREFIX_HEADER = YES;
				GCC_PREPROCESSOR_DEFINITIONS = (
					"DEBUG=1",
					"$(inherited)",
				);
				GCC_WARN_64_TO_32_BIT_CONVERSION = YES;
				GCC_WARN_ABOUT_RETURN_TYPE = YES_ERROR;
				GCC_WARN_UNDECLARED_SELECTOR = YES;
				GCC_WARN_UNINITIALIZED_AUTOS = YES_AGGRESSIVE;
				GCC_WARN_UNUSED_FUNCTION = YES;
				GCC_WARN_UNUSED_VARIABLE = YES;
				IPHONEOS_DEPLOYMENT_TARGET = 11.2;
				MTL_ENABLE_DEBUG_INFO = YES;
				ONLY_ACTIVE_ARCH = YES;
				SDKROOT = iphoneos;
			};
			name = Debug;
		};
		04707002205E0FAB00F25CD8 /* Release */ = {
			isa = XCBuildConfiguration;
			buildSettings = {
				ALWAYS_SEARCH_USER_PATHS = NO;
				CLANG_ANALYZER_NONNULL = YES;
				CLANG_ANALYZER_NUMBER_OBJECT_CONVERSION = YES_AGGRESSIVE;
				CLANG_CXX_LANGUAGE_STANDARD = "gnu++14";
				CLANG_CXX_LIBRARY = "libc++";
				CLANG_ENABLE_MODULES = YES;
				CLANG_ENABLE_OBJC_ARC = YES;
				CLANG_WARN_BLOCK_CAPTURE_AUTORELEASING = YES;
				CLANG_WARN_BOOL_CONVERSION = YES;
				CLANG_WARN_COMMA = YES;
				CLANG_WARN_CONSTANT_CONVERSION = YES;
				CLANG_WARN_DIRECT_OBJC_ISA_USAGE = YES_ERROR;
				CLANG_WARN_DOCUMENTATION_COMMENTS = YES;
				CLANG_WARN_EMPTY_BODY = YES;
				CLANG_WARN_ENUM_CONVERSION = YES;
				CLANG_WARN_INFINITE_RECURSION = YES;
				CLANG_WARN_INT_CONVERSION = YES;
				CLANG_WARN_NON_LITERAL_NULL_CONVERSION = YES;
				CLANG_WARN_OBJC_LITERAL_CONVERSION = YES;
				CLANG_WARN_OBJC_ROOT_CLASS = YES_ERROR;
				CLANG_WARN_RANGE_LOOP_ANALYSIS = YES;
				CLANG_WARN_STRICT_PROTOTYPES = YES;
				CLANG_WARN_SUSPICIOUS_MOVE = YES;
				CLANG_WARN_UNGUARDED_AVAILABILITY = YES_AGGRESSIVE;
				CLANG_WARN_UNREACHABLE_CODE = YES;
				CLANG_WARN__DUPLICATE_METHOD_MATCH = YES;
				CODE_SIGN_IDENTITY = "iPhone Developer";
				COPY_PHASE_STRIP = NO;
				DEBUG_INFORMATION_FORMAT = "dwarf-with-dsym";
				ENABLE_NS_ASSERTIONS = NO;
				ENABLE_STRICT_OBJC_MSGSEND = YES;
				GCC_C_LANGUAGE_STANDARD = gnu11;
				GCC_NO_COMMON_BLOCKS = YES;
				GCC_PRECOMPILE_PREFIX_HEADER = YES;
				GCC_WARN_64_TO_32_BIT_CONVERSION = YES;
				GCC_WARN_ABOUT_RETURN_TYPE = YES_ERROR;
				GCC_WARN_UNDECLARED_SELECTOR = YES;
				GCC_WARN_UNINITIALIZED_AUTOS = YES_AGGRESSIVE;
				GCC_WARN_UNUSED_FUNCTION = YES;
				GCC_WARN_UNUSED_VARIABLE = YES;
				IPHONEOS_DEPLOYMENT_TARGET = 11.2;
				MTL_ENABLE_DEBUG_INFO = NO;
				SDKROOT = iphoneos;
				VALIDATE_PRODUCT = YES;
			};
			name = Release;
		};
		04707004205E0FAB00F25CD8 /* Debug */ = {
			isa = XCBuildConfiguration;
			baseConfigurationReference = 5D63AB6C83F1715BC4945F2D /* Pods-TDChatScoketDemo.debug.xcconfig */;
			buildSettings = {
				ASSETCATALOG_COMPILER_APPICON_NAME = AppIcon;
				CODE_SIGN_STYLE = Automatic;
				GCC_PREFIX_HEADER = TDChatScoketDemo/Others/PrefixHeader.pch;
				INFOPLIST_FILE = "$(SRCROOT)/TDChatScoketDemo/Others/Info.plist";
				IPHONEOS_DEPLOYMENT_TARGET = 8.0;
				LD_RUNPATH_SEARCH_PATHS = "$(inherited) @executable_path/Frameworks";
				PRODUCT_BUNDLE_IDENTIFIER = huixiao.TDChatScoketDemo;
				PRODUCT_NAME = "$(TARGET_NAME)";
				TARGETED_DEVICE_FAMILY = "1,2";
			};
			name = Debug;
		};
		04707005205E0FAB00F25CD8 /* Release */ = {
			isa = XCBuildConfiguration;
			baseConfigurationReference = 58863FE0D7F9D7FE066FC206 /* Pods-TDChatScoketDemo.release.xcconfig */;
			buildSettings = {
				ASSETCATALOG_COMPILER_APPICON_NAME = AppIcon;
				CODE_SIGN_STYLE = Automatic;
				GCC_PREFIX_HEADER = TDChatScoketDemo/Others/PrefixHeader.pch;
				INFOPLIST_FILE = "$(SRCROOT)/TDChatScoketDemo/Others/Info.plist";
				IPHONEOS_DEPLOYMENT_TARGET = 8.0;
				LD_RUNPATH_SEARCH_PATHS = "$(inherited) @executable_path/Frameworks";
				PRODUCT_BUNDLE_IDENTIFIER = huixiao.TDChatScoketDemo;
				PRODUCT_NAME = "$(TARGET_NAME)";
				TARGETED_DEVICE_FAMILY = "1,2";
			};
			name = Release;
		};
		04707007205E0FAB00F25CD8 /* Debug */ = {
			isa = XCBuildConfiguration;
			buildSettings = {
				BUNDLE_LOADER = "$(TEST_HOST)";
				CODE_SIGN_STYLE = Automatic;
				INFOPLIST_FILE = TDChatScoketDemoTests/Info.plist;
				LD_RUNPATH_SEARCH_PATHS = "$(inherited) @executable_path/Frameworks @loader_path/Frameworks";
				PRODUCT_BUNDLE_IDENTIFIER = huixiao.TDChatScoketDemoTests;
				PRODUCT_NAME = "$(TARGET_NAME)";
				TARGETED_DEVICE_FAMILY = "1,2";
				TEST_HOST = "$(BUILT_PRODUCTS_DIR)/TDChatScoketDemo.app/TDChatScoketDemo";
			};
			name = Debug;
		};
		04707008205E0FAB00F25CD8 /* Release */ = {
			isa = XCBuildConfiguration;
			buildSettings = {
				BUNDLE_LOADER = "$(TEST_HOST)";
				CODE_SIGN_STYLE = Automatic;
				INFOPLIST_FILE = TDChatScoketDemoTests/Info.plist;
				LD_RUNPATH_SEARCH_PATHS = "$(inherited) @executable_path/Frameworks @loader_path/Frameworks";
				PRODUCT_BUNDLE_IDENTIFIER = huixiao.TDChatScoketDemoTests;
				PRODUCT_NAME = "$(TARGET_NAME)";
				TARGETED_DEVICE_FAMILY = "1,2";
				TEST_HOST = "$(BUILT_PRODUCTS_DIR)/TDChatScoketDemo.app/TDChatScoketDemo";
			};
			name = Release;
		};
		0470700A205E0FAB00F25CD8 /* Debug */ = {
			isa = XCBuildConfiguration;
			buildSettings = {
				CODE_SIGN_STYLE = Automatic;
				INFOPLIST_FILE = TDChatScoketDemoUITests/Info.plist;
				LD_RUNPATH_SEARCH_PATHS = "$(inherited) @executable_path/Frameworks @loader_path/Frameworks";
				PRODUCT_BUNDLE_IDENTIFIER = huixiao.TDChatScoketDemoUITests;
				PRODUCT_NAME = "$(TARGET_NAME)";
				TARGETED_DEVICE_FAMILY = "1,2";
				TEST_TARGET_NAME = TDChatScoketDemo;
			};
			name = Debug;
		};
		0470700B205E0FAB00F25CD8 /* Release */ = {
			isa = XCBuildConfiguration;
			buildSettings = {
				CODE_SIGN_STYLE = Automatic;
				INFOPLIST_FILE = TDChatScoketDemoUITests/Info.plist;
				LD_RUNPATH_SEARCH_PATHS = "$(inherited) @executable_path/Frameworks @loader_path/Frameworks";
				PRODUCT_BUNDLE_IDENTIFIER = huixiao.TDChatScoketDemoUITests;
				PRODUCT_NAME = "$(TARGET_NAME)";
				TARGETED_DEVICE_FAMILY = "1,2";
				TEST_TARGET_NAME = TDChatScoketDemo;
			};
			name = Release;
		};
/* End XCBuildConfiguration section */

/* Begin XCConfigurationList section */
		04706FD2205E0FAB00F25CD8 /* Build configuration list for PBXProject "TDChatScoketDemo" */ = {
			isa = XCConfigurationList;
			buildConfigurations = (
				04707001205E0FAB00F25CD8 /* Debug */,
				04707002205E0FAB00F25CD8 /* Release */,
			);
			defaultConfigurationIsVisible = 0;
			defaultConfigurationName = Release;
		};
		04707003205E0FAB00F25CD8 /* Build configuration list for PBXNativeTarget "TDChatScoketDemo" */ = {
			isa = XCConfigurationList;
			buildConfigurations = (
				04707004205E0FAB00F25CD8 /* Debug */,
				04707005205E0FAB00F25CD8 /* Release */,
			);
			defaultConfigurationIsVisible = 0;
			defaultConfigurationName = Release;
		};
		04707006205E0FAB00F25CD8 /* Build configuration list for PBXNativeTarget "TDChatScoketDemoTests" */ = {
			isa = XCConfigurationList;
			buildConfigurations = (
				04707007205E0FAB00F25CD8 /* Debug */,
				04707008205E0FAB00F25CD8 /* Release */,
			);
			defaultConfigurationIsVisible = 0;
			defaultConfigurationName = Release;
		};
		04707009205E0FAB00F25CD8 /* Build configuration list for PBXNativeTarget "TDChatScoketDemoUITests" */ = {
			isa = XCConfigurationList;
			buildConfigurations = (
				0470700A205E0FAB00F25CD8 /* Debug */,
				0470700B205E0FAB00F25CD8 /* Release */,
			);
			defaultConfigurationIsVisible = 0;
			defaultConfigurationName = Release;
		};
/* End XCConfigurationList section */
	};
	rootObject = 04706FCF205E0FAB00F25CD8 /* Project object */;
}
